
Microsoft Visual Studio Solution File, Format Version 12.00
# Visual Studio Version 17
VisualStudioVersion = 17.5.33530.505
MinimumVisualStudioVersion = 10.0.40219.1
Project("{FAE04EC0-301F-11D3-BF4B-00C04F79EFBC}") = "M001", "M001\M001.csproj", "{33D3CA26-A669-4F9A-B41E-6ABA2B7350C1}"
EndProject
Project("{FAE04EC0-301F-11D3-BF4B-00C04F79EFBC}") = "M002", "M002\M002.csproj", "{94FF0268-A585-4584-9C83-0D7DF0E0A617}"
EndProject
Global
	GlobalSection(SolutionConfigurationPlatforms) = preSolution
		Debug|Any CPU = Debug|Any CPU
		Release|Any CPU = Release|Any CPU
	EndGlobalSection
	GlobalSection(ProjectConfigurationPlatforms) = postSolution
		{33D3CA26-A669-4F9A-B41E-6ABA2B7350C1}.Debug|Any CPU.ActiveCfg = Debug|Any CPU
		{33D3CA26-A669-4F9A-B41E-6ABA2B7350C1}.Debug|Any CPU.Build.0 = Debug|Any CPU
		{33D3CA26-A669-4F9A-B41E-6ABA2B7350C1}.Release|Any CPU.ActiveCfg = Release|Any CPU
		{33D3CA26-A669-4F9A-B41E-6ABA2B7350C1}.Release|Any CPU.Build.0 = Release|Any CPU
		{94FF0268-A585-4584-9C83-0D7DF0E0A617}.Debug|Any CPU.ActiveCfg = Debug|Any CPU
		{94FF0268-A585-4584-9C83-0D7DF0E0A617}.Debug|Any CPU.Build.0 = Debug|Any CPU
		{94FF0268-A585-4584-9C83-0D7DF0E0A617}.Release|Any CPU.ActiveCfg = Release|Any CPU
		{94FF0268-A585-4584-9C83-0D7DF0E0A617}.Release|Any CPU.Build.0 = Release|Any CPU
	EndGlobalSection
	GlobalSection(SolutionProperties) = preSolution
		HideSolutionNode = FALSE
	EndGlobalSection
	GlobalSection(ExtensibilityGlobals) = postSolution
		SolutionGuid = {65623244-0689-452E-B276-018B254223B3}
	EndGlobalSection
EndGlobal
